dependencies:
- name: opentelemetry-collector
  repository: https://open-telemetry.github.io/opentelemetry-helm-charts
  version: 0.134.1
- name: postgresql
  repository: https://charts.bitnami.com/bitnami
  version: 16.7.27
- name: opentelemetry-operator
  repository: https://open-telemetry.github.io/opentelemetry-helm-charts
  version: 0.95.3
digest: sha256:c98e1e5230c5d8674ced18adb90267867cd83481e0465a762852b50ea9cd29a1
generated: "2025-09-25T18:44:49.77420384Z"
