dependencies:
- name: opentelemetry-collector
  repository: https://open-telemetry.github.io/opentelemetry-helm-charts
  version: 0.117.3
- name: postgresql
  repository: https://charts.bitnami.com/bitnami
  version: 16.4.14
- name: opentelemetry-operator
  repository: https://open-telemetry.github.io/opentelemetry-helm-charts
  version: 0.81.0
digest: sha256:b8760c960c5794f8be2df21c1413ce1edcae774ee5c8449f994822efda4f9d7e
generated: "2025-03-04T23:25:24.007929929Z"
