dependencies:
- name: opentelemetry-collector
  repository: https://open-telemetry.github.io/opentelemetry-helm-charts
  version: 0.122.1
- name: traefik
  repository: https://traefik.github.io/charts
  version: 35.0.0
- name: valkey
  repository: https://charts.bitnami.com/bitnami
  version: 3.0.1
- name: jaeger
  repository: https://jaegertracing.github.io/helm-charts
  version: 3.4.1
digest: sha256:efd5dc38eb6927d55a3c394416827afc0a5b7b65f75fe5f3f8d111338540bfae
generated: "2025-04-18T19:40:08.310694101Z"
