dependencies:
- name: opentelemetry-collector
  repository: https://open-telemetry.github.io/opentelemetry-helm-charts
  version: 0.127.1
- name: traefik
  repository: https://traefik.github.io/charts
  version: 36.2.0
- name: valkey
  repository: https://charts.bitnami.com/bitnami
  version: 3.0.15
- name: jaeger
  repository: https://jaegertracing.github.io/helm-charts
  version: 3.4.1
digest: sha256:cb198d975310a5ec2f7d46d0200aae2b550d2df8facce315e3f6d1a2cc1b447b
generated: "2025-06-24T14:34:28.61721733Z"
