dependencies:
- name: opentelemetry-collector
  repository: https://open-telemetry.github.io/opentelemetry-helm-charts
  version: 0.125.0
- name: traefik
  repository: https://traefik.github.io/charts
  version: 35.2.0
- name: valkey
  repository: https://charts.bitnami.com/bitnami
  version: 3.0.14
- name: jaeger
  repository: https://jaegertracing.github.io/helm-charts
  version: 3.4.1
digest: sha256:2b14c757fe15af730429342b3f751ef07df7fd2a52ca91430ac3229433eb597f
generated: "2025-06-16T16:14:08.835022404Z"
